// !$*UTF8*$!
{
	archiveVersion = 1;
	classes = {
	};
	objectVersion = 46;
	objects = {

/* Begin PBXBuildFile section */
		47040DA81DF2D236001ED40E /* result1.gif in Resources */ = {isa = PBXBuildFile; fileRef = 47040DA61DF2D236001ED40E /* result1.gif */; };
		47040DA91DF2D236001ED40E /* result2.gif in Resources */ = {isa = PBXBuildFile; fileRef = 47040DA71DF2D236001ED40E /* result2.gif */; };
		470CEC121DD725FB005A30E7 /* FlickrPhotoCell.swift in Sources */ = {isa = PBXBuildFile; fileRef = 470CEC111DD725FB005A30E7 /* FlickrPhotoCell.swift */; };
		470CEC151DD72AF7005A30E7 /* README.md in Sources */ = {isa = PBXBuildFile; fileRef = 470CEC131DD72AF7005A30E7 /* README.md */; };
		479F8E111DEB41AB006DE6A8 /* FlickrPhotoHeaderView.swift in Sources */ = {isa = PBXBuildFile; fileRef = 479F8E101DEB41AB006DE6A8 /* FlickrPhotoHeaderView.swift */; };
		47F092701DD6361C002263DF /* AppDelegate.swift in Sources */ = {isa = PBXBuildFile; fileRef = 47F0926F1DD6361C002263DF /* AppDelegate.swift */; };
		47F092751DD6361C002263DF /* Main.storyboard in Resources */ = {isa = PBXBuildFile; fileRef = 47F092731DD6361C002263DF /* Main.storyboard */; };
		47F092771DD6361D002263DF /* Assets.xcassets in Resources */ = {isa = PBXBuildFile; fileRef = 47F092761DD6361D002263DF /* Assets.xcassets */; };
		47F0927A1DD6361D002263DF /* LaunchScreen.storyboard in Resources */ = {isa = PBXBuildFile; fileRef = 47F092781DD6361D002263DF /* LaunchScreen.storyboard */; };
		47F092821DD63896002263DF /* FlickrPhotosViewController.swift in Sources */ = {isa = PBXBuildFile; fileRef = 47F092811DD63896002263DF /* FlickrPhotosViewController.swift */; };
		47F092861DD63EDC002263DF /* Flickr.swift in Sources */ = {isa = PBXBuildFile; fileRef = 47F092831DD63EDC002263DF /* Flickr.swift */; };
		47F092871DD63EDC002263DF /* FlickrPhoto.swift in Sources */ = {isa = PBXBuildFile; fileRef = 47F092841DD63EDC002263DF /* FlickrPhoto.swift */; };
		47F092881DD63EDC002263DF /* FlickrSearchResults.swift in Sources */ = {isa = PBXBuildFile; fileRef = 47F092851DD63EDC002263DF /* FlickrSearchResults.swift */; };
/* End PBXBuildFile section */

/* Begin PBXFileReference section */
		47040DA61DF2D236001ED40E /* result1.gif */ = {isa = PBXFileReference; lastKnownFileType = image.gif; path = result1.gif; sourceTree = SOURCE_ROOT; };
		47040DA71DF2D236001ED40E /* result2.gif */ = {isa = PBXFileReference; lastKnownFileType = image.gif; path = result2.gif; sourceTree = SOURCE_ROOT; };
		470CEC111DD725FB005A30E7 /* FlickrPhotoCell.swift */ = {isa = PBXFileReference; fileEncoding = 4; lastKnownFileType = sourcecode.swift; path = FlickrPhotoCell.swift; sourceTree = "<group>"; };
		470CEC131DD72AF7005A30E7 /* README.md */ = {isa = PBXFileReference; fileEncoding = 4; lastKnownFileType = net.daringfireball.markdown; path = README.md; sourceTree = SOURCE_ROOT; };
		479F8E101DEB41AB006DE6A8 /* FlickrPhotoHeaderView.swift */ = {isa = PBXFileReference; fileEncoding = 4; lastKnownFileType = sourcecode.swift; path = FlickrPhotoHeaderView.swift; sourceTree = "<group>"; };
		47F0926C1DD6361C002263DF /* FlickrSearch.app */ = {isa = PBXFileReference; explicitFileType = wrapper.application; includeInIndex = 0; path = FlickrSearch.app; sourceTree = BUILT_PRODUCTS_DIR; };
		47F0926F1DD6361C002263DF /* AppDelegate.swift */ = {isa = PBXFileReference; lastKnownFileType = sourcecode.swift; path = AppDelegate.swift; sourceTree = "<group>"; };
		47F092741DD6361C002263DF /* Base */ = {isa = PBXFileReference; lastKnownFileType = file.storyboard; name = Base; path = Base.lproj/Main.storyboard; sourceTree = "<group>"; };
		47F092761DD6361D002263DF /* Assets.xcassets */ = {isa = PBXFileReference; lastKnownFileType = folder.assetcatalog; path = Assets.xcassets; sourceTree = "<group>"; };
		47F092791DD6361D002263DF /* Base */ = {isa = PBXFileReference; lastKnownFileType = file.storyboard; name = Base; path = Base.lproj/LaunchScreen.storyboard; sourceTree = "<group>"; };
		47F0927B1DD6361D002263DF /* Info.plist */ = {isa = PBXFileReference; lastKnownFileType = text.plist.xml; path = Info.plist; sourceTree = "<group>"; };
		47F092811DD63896002263DF /* FlickrPhotosViewController.swift */ = {isa = PBXFileReference; fileEncoding = 4; lastKnownFileType = sourcecode.swift; path = FlickrPhotosViewController.swift; sourceTree = "<group>"; };
		47F092831DD63EDC002263DF /* Flickr.swift */ = {isa = PBXFileReference; fileEncoding = 4; lastKnownFileType = sourcecode.swift; path = Flickr.swift; sourceTree = "<group>"; };
		47F092841DD63EDC002263DF /* FlickrPhoto.swift */ = {isa = PBXFileReference; fileEncoding = 4; lastKnownFileType = sourcecode.swift; path = FlickrPhoto.swift; sourceTree = "<group>"; };
		47F092851DD63EDC002263DF /* FlickrSearchResults.swift */ = {isa = PBXFileReference; fileEncoding = 4; lastKnownFileType = sourcecode.swift; path = FlickrSearchResults.swift; sourceTree = "<group>"; };
/* End PBXFileReference section */

/* Begin PBXFrameworksBuildPhase section */
		47F092691DD6361C002263DF /* Frameworks */ = {
			isa = PBXFrameworksBuildPhase;
			buildActionMask = 2147483647;
			files = (
			);
			runOnlyForDeploymentPostprocessing = 0;
		};
/* End PBXFrameworksBuildPhase section */

/* Begin PBXGroup section */
		47F092631DD6361C002263DF = {
			isa = PBXGroup;
			children = (
				47F0926E1DD6361C002263DF /* FlickrSearch */,
				47F0926D1DD6361C002263DF /* Products */,
			);
			sourceTree = "<group>";
		};
		47F0926D1DD6361C002263DF /* Products */ = {
			isa = PBXGroup;
			children = (
				47F0926C1DD6361C002263DF /* FlickrSearch.app */,
			);
			name = Products;
			sourceTree = "<group>";
		};
		47F0926E1DD6361C002263DF /* FlickrSearch */ = {
			isa = PBXGroup;
			children = (
				47040DA61DF2D236001ED40E /* result1.gif */,
				47040DA71DF2D236001ED40E /* result2.gif */,
				470CEC131DD72AF7005A30E7 /* README.md */,
				47F092831DD63EDC002263DF /* Flickr.swift */,
				479F8E101DEB41AB006DE6A8 /* FlickrPhotoHeaderView.swift */,
				47F092841DD63EDC002263DF /* FlickrPhoto.swift */,
				470CEC111DD725FB005A30E7 /* FlickrPhotoCell.swift */,
				47F092851DD63EDC002263DF /* FlickrSearchResults.swift */,
				47F0926F1DD6361C002263DF /* AppDelegate.swift */,
				47F092811DD63896002263DF /* FlickrPhotosViewController.swift */,
				47F092731DD6361C002263DF /* Main.storyboard */,
				47F092761DD6361D002263DF /* Assets.xcassets */,
				47F092781DD6361D002263DF /* LaunchScreen.storyboard */,
				47F0927B1DD6361D002263DF /* Info.plist */,
			);
			path = FlickrSearch;
			sourceTree = "<group>";
		};
/* End PBXGroup section */

/* Begin PBXNativeTarget section */
		47F0926B1DD6361C002263DF /* FlickrSearch */ = {
			isa = PBXNativeTarget;
			buildConfigurationList = 47F0927E1DD6361D002263DF /* Build configuration list for PBXNativeTarget "FlickrSearch" */;
			buildPhases = (
				47F092681DD6361C002263DF /* Sources */,
				47F092691DD6361C002263DF /* Frameworks */,
				47F0926A1DD6361C002263DF /* Resources */,
			);
			buildRules = (
			);
			dependencies = (
			);
			name = FlickrSearch;
			productName = FlickrSearch;
			productReference = 47F0926C1DD6361C002263DF /* FlickrSearch.app */;
			productType = "com.apple.product-type.application";
		};
/* End PBXNativeTarget section */

/* Begin PBXProject section */
		47F092641DD6361C002263DF /* Project object */ = {
			isa = PBXProject;
			attributes = {
				LastSwiftUpdateCheck = 0810;
				LastUpgradeCheck = 0810;
				ORGANIZATIONNAME = ronatory;
				TargetAttributes = {
					47F0926B1DD6361C002263DF = {
						CreatedOnToolsVersion = 8.1;
						DevelopmentTeam = W37SS4V7GD;
						ProvisioningStyle = Automatic;
					};
				};
			};
			buildConfigurationList = 47F092671DD6361C002263DF /* Build configuration list for PBXProject "FlickrSearch" */;
			compatibilityVersion = "Xcode 3.2";
			developmentRegion = English;
			hasScannedForEncodings = 0;
			knownRegions = (
				en,
				Base,
			);
			mainGroup = 47F092631DD6361C002263DF;
			productRefGroup = 47F0926D1DD6361C002263DF /* Products */;
			projectDirPath = "";
			projectRoot = "";
			targets = (
				47F0926B1DD6361C002263DF /* FlickrSearch */,
			);
		};
/* End PBXProject section */

/* Begin PBXResourcesBuildPhase section */
		47F0926A1DD6361C002263DF /* Resources */ = {
			isa = PBXResourcesBuildPhase;
			buildActionMask = 2147483647;
			files = (
				47F0927A1DD6361D002263DF /* LaunchScreen.storyboard in Resources */,
				47F092771DD6361D002263DF /* Assets.xcassets in Resources */,
				47F092751DD6361C002263DF /* Main.storyboard in Resources */,
				47040DA81DF2D236001ED40E /* result1.gif in Resources */,
				47040DA91DF2D236001ED40E /* result2.gif in Resources */,
			);
			runOnlyForDeploymentPostprocessing = 0;
		};
/* End PBXResourcesBuildPhase section */

/* Begin PBXSourcesBuildPhase section */
		47F092681DD6361C002263DF /* Sources */ = {
			isa = PBXSourcesBuildPhase;
			buildActionMask = 2147483647;
			files = (
				47F092821DD63896002263DF /* FlickrPhotosViewController.swift in Sources */,
				47F092881DD63EDC002263DF /* FlickrSearchResults.swift in Sources */,
				47F092871DD63EDC002263DF /* FlickrPhoto.swift in Sources */,
				470CEC151DD72AF7005A30E7 /* README.md in Sources */,
				47F092861DD63EDC002263DF /* Flickr.swift in Sources */,
				47F092701DD6361C002263DF /* AppDelegate.swift in Sources */,
				470CEC121DD725FB005A30E7 /* FlickrPhotoCell.swift in Sources */,
				479F8E111DEB41AB006DE6A8 /* FlickrPhotoHeaderView.swift in Sources */,
			);
			runOnlyForDeploymentPostprocessing = 0;
		};
/* End PBXSourcesBuildPhase section */

/* Begin PBXVariantGroup section */
		47F092731DD6361C002263DF /* Main.storyboard */ = {
			isa = PBXVariantGroup;
			children = (
				47F092741DD6361C002263DF /* Base */,
			);
			name = Main.storyboard;
			sourceTree = "<group>";
		};
		47F092781DD6361D002263DF /* LaunchScreen.storyboard */ = {
			isa = PBXVariantGroup;
			children = (
				47F092791DD6361D002263DF /* Base */,
			);
			name = LaunchScreen.storyboard;
			sourceTree = "<group>";
		};
/* End PBXVariantGroup section */

/* Begin XCBuildConfiguration section */
		47F0927C1DD6361D002263DF /* Debug */ = {
			isa = XCBuildConfiguration;
			buildSettings = {
				ALWAYS_SEARCH_USER_PATHS = NO;
				CLANG_ANALYZER_NONNULL = YES;
				CLANG_CXX_LANGUAGE_STANDARD = "gnu++0x";
				CLANG_CXX_LIBRARY = "libc++";
				CLANG_ENABLE_MODULES = YES;
				CLANG_ENABLE_OBJC_ARC = YES;
				CLANG_WARN_BOOL_CONVERSION = YES;
				CLANG_WARN_CONSTANT_CONVERSION = YES;
				CLANG_WARN_DIRECT_OBJC_ISA_USAGE = YES_ERROR;
				CLANG_WARN_DOCUMENTATION_COMMENTS = YES;
				CLANG_WARN_EMPTY_BODY = YES;
				CLANG_WARN_ENUM_CONVERSION = YES;
				CLANG_WARN_INFINITE_RECURSION = YES;
				CLANG_WARN_INT_CONVERSION = YES;
				CLANG_WARN_OBJC_ROOT_CLASS = YES_ERROR;
				CLANG_WARN_SUSPICIOUS_MOVES = YES;
				CLANG_WARN_UNREACHABLE_CODE = YES;
				CLANG_WARN__DUPLICATE_METHOD_MATCH = YES;
				"CODE_SIGN_IDENTITY[sdk=iphoneos*]" = "iPhone Developer";
				COPY_PHASE_STRIP = NO;
				DEBUG_INFORMATION_FORMAT = dwarf;
				ENABLE_STRICT_OBJC_MSGSEND = YES;
				ENABLE_TESTABILITY = YES;
				GCC_C_LANGUAGE_STANDARD = gnu99;
				GCC_DYNAMIC_NO_PIC = NO;
				GCC_NO_COMMON_BLOCKS = YES;
				GCC_OPTIMIZATION_LEVEL = 0;
				GCC_PREPROCESSOR_DEFINITIONS = (
					"DEBUG=1",
					"$(inherited)",
				);
				GCC_WARN_64_TO_32_BIT_CONVERSION = YES;
				GCC_WARN_ABOUT_RETURN_TYPE = YES_ERROR;
				GCC_WARN_UNDECLARED_SELECTOR = YES;
				GCC_WARN_UNINITIALIZED_AUTOS = YES_AGGRESSIVE;
				GCC_WARN_UNUSED_FUNCTION = YES;
				GCC_WARN_UNUSED_VARIABLE = YES;
				IPHONEOS_DEPLOYMENT_TARGET = 10.1;
				MTL_ENABLE_DEBUG_INFO = YES;
				ONLY_ACTIVE_ARCH = YES;
				SDKROOT = iphoneos;
				SWIFT_ACTIVE_COMPILATION_CONDITIONS = DEBUG;
				SWIFT_OPTIMIZATION_LEVEL = "-Onone";
				TARGETED_DEVICE_FAMILY = 2;
			};
			name = Debug;
		};
		47F0927D1DD6361D002263DF /* Release */ = {
			isa = XCBuildConfiguration;
			buildSettings = {
				ALWAYS_SEARCH_USER_PATHS = NO;
				CLANG_ANALYZER_NONNULL = YES;
				CLANG_CXX_LANGUAGE_STANDARD = "gnu++0x";
				CLANG_CXX_LIBRARY = "libc++";
				CLANG_ENABLE_MODULES = YES;
				CLANG_ENABLE_OBJC_ARC = YES;
				CLANG_WARN_BOOL_CONVERSION = YES;
				CLANG_WARN_CONSTANT_CONVERSION = YES;
				CLANG_WARN_DIRECT_OBJC_ISA_USAGE = YES_ERROR;
				CLANG_WARN_DOCUMENTATION_COMMENTS = YES;
				CLANG_WARN_EMPTY_BODY = YES;
				CLANG_WARN_ENUM_CONVERSION = YES;
				CLANG_WARN_INFINITE_RECURSION = YES;
				CLANG_WARN_INT_CONVERSION = YES;
				CLANG_WARN_OBJC_ROOT_CLASS = YES_ERROR;
				CLANG_WARN_SUSPICIOUS_MOVES = YES;
				CLANG_WARN_UNREACHABLE_CODE = YES;
				CLANG_WARN__DUPLICATE_METHOD_MATCH = YES;
				"CODE_SIGN_IDENTITY[sdk=iphoneos*]" = "iPhone Developer";
				COPY_PHASE_STRIP = NO;
				DEBUG_INFORMATION_FORMAT = "dwarf-with-dsym";
				ENABLE_NS_ASSERTIONS = NO;
				ENABLE_STRICT_OBJC_MSGSEND = YES;
				GCC_C_LANGUAGE_STANDARD = gnu99;
				GCC_NO_COMMON_BLOCKS = YES;
				GCC_WARN_64_TO_32_BIT_CONVERSION = YES;
				GCC_WARN_ABOUT_RETURN_TYPE = YES_ERROR;
				GCC_WARN_UNDECLARED_SELECTOR = YES;
				GCC_WARN_UNINITIALIZED_AUTOS = YES_AGGRESSIVE;
				GCC_WARN_UNUSED_FUNCTION = YES;
				GCC_WARN_UNUSED_VARIABLE = YES;
				IPHONEOS_DEPLOYMENT_TARGET = 10.1;
				MTL_ENABLE_DEBUG_INFO = NO;
				SDKROOT = iphoneos;
				SWIFT_OPTIMIZATION_LEVEL = "-Owholemodule";
				TARGETED_DEVICE_FAMILY = 2;
				VALIDATE_PRODUCT = YES;
			};
			name = Release;
		};
		47F0927F1DD6361D002263DF /* Debug */ = {
			isa = XCBuildConfiguration;
			buildSettings = {
				ASSETCATALOG_COMPILER_APPICON_NAME = AppIcon;
				DEVELOPMENT_TEAM = W37SS4V7GD;
				INFOPLIST_FILE = FlickrSearch/Info.plist;
				LD_RUNPATH_SEARCH_PATHS = "$(inherited) @executable_path/Frameworks";
				PRODUCT_BUNDLE_IDENTIFIER = com.ron.FlickrSearch;
				PRODUCT_NAME = "$(TARGET_NAME)";
				SWIFT_VERSION = 3.0;
			};
			name = Debug;
		};
		47F092801DD6361D002263DF /* Release */ = {
			isa = XCBuildConfiguration;
			buildSettings = {
				ASSETCATALOG_COMPILER_APPICON_NAME = AppIcon;
				DEVELOPMENT_TEAM = W37SS4V7GD;
				INFOPLIST_FILE = FlickrSearch/Info.plist;
				LD_RUNPATH_SEARCH_PATHS = "$(inherited) @executable_path/Frameworks";
				PRODUCT_BUNDLE_IDENTIFIER = com.ron.FlickrSearch;
				PRODUCT_NAME = "$(TARGET_NAME)";
				SWIFT_VERSION = 3.0;
			};
			name = Release;
		};
/* End XCBuildConfiguration section */

/* Begin XCConfigurationList section */
		47F092671DD6361C002263DF /* Build configuration list for PBXProject "FlickrSearch" */ = {
			isa = XCConfigurationList;
			buildConfigurations = (
				47F0927C1DD6361D002263DF /* Debug */,
				47F0927D1DD6361D002263DF /* Release */,
			);
			defaultConfigurationIsVisible = 0;
			defaultConfigurationName = Release;
		};
		47F0927E1DD6361D002263DF /* Build configuration list for PBXNativeTarget "FlickrSearch" */ = {
			isa = XCConfigurationList;
			buildConfigurations = (
				47F0927F1DD6361D002263DF /* Debug */,
				47F092801DD6361D002263DF /* Release */,
			);
			defaultConfigurationIsVisible = 0;
			defaultConfigurationName = Release;
		};
/* End XCConfigurationList section */
	};
	rootObject = 47F092641DD6361C002263DF /* Project object */;
}
